
Microsoft Visual Studio Solution File, Format Version 12.00
# Visual Studio 14
VisualStudioVersion = 14.0.24720.0
MinimumVisualStudioVersion = 10.0.40219.1
Project("{FAE04EC0-301F-11D3-BF4B-00C04F79EFBC}") = "BDD-02", "BDD-02\BDD-02.csproj", "{35420DB0-CD9C-4D8E-942B-236988939299}"
EndProject
Project("{FAE04EC0-301F-11D3-BF4B-00C04F79EFBC}") = "BDD-02.Tests", "BDD-02.Tests\BDD-02.Tests.csproj", "{093ECF77-B9A2-4F22-AF0B-D6F26824A1EF}"
EndProject
Global
	GlobalSection(SolutionConfigurationPlatforms) = preSolution
		Debug|Any CPU = Debug|Any CPU
		Release|Any CPU = Release|Any CPU
	EndGlobalSection
	GlobalSection(ProjectConfigurationPlatforms) = postSolution
		{35420DB0-CD9C-4D8E-942B-236988939299}.Debug|Any CPU.ActiveCfg = Debug|Any CPU
		{35420DB0-CD9C-4D8E-942B-236988939299}.Debug|Any CPU.Build.0 = Debug|Any CPU
		{35420DB0-CD9C-4D8E-942B-236988939299}.Release|Any CPU.ActiveCfg = Release|Any CPU
		{35420DB0-CD9C-4D8E-942B-236988939299}.Release|Any CPU.Build.0 = Release|Any CPU
		{093ECF77-B9A2-4F22-AF0B-D6F26824A1EF}.Debug|Any CPU.ActiveCfg = Debug|Any CPU
		{093ECF77-B9A2-4F22-AF0B-D6F26824A1EF}.Debug|Any CPU.Build.0 = Debug|Any CPU
		{093ECF77-B9A2-4F22-AF0B-D6F26824A1EF}.Release|Any CPU.ActiveCfg = Release|Any CPU
		{093ECF77-B9A2-4F22-AF0B-D6F26824A1EF}.Release|Any CPU.Build.0 = Release|Any CPU
	EndGlobalSection
	GlobalSection(SolutionProperties) = preSolution
		HideSolutionNode = FALSE
	EndGlobalSection
EndGlobal
